
Microsoft Visual Studio Solution File, Format Version 12.00
# Visual Studio Version 16
VisualStudioVersion = 16.0.31613.86
MinimumVisualStudioVersion = 10.0.40219.1
Project("{FAE04EC0-301F-11D3-BF4B-00C04F79EFBC}") = "TiposDatosEnCSharpApp", "TiposDatosEnCSharpApp.csproj", "{94E4A985-0587-4F47-8C33-BC8455B6CE31}"
EndProject
Global
	GlobalSection(SolutionConfigurationPlatforms) = preSolution
		Debug|Any CPU = Debug|Any CPU
		Release|Any CPU = Release|Any CPU
	EndGlobalSection
	GlobalSection(ProjectConfigurationPlatforms) = postSolution
		{94E4A985-0587-4F47-8C33-BC8455B6CE31}.Debug|Any CPU.ActiveCfg = Debug|Any CPU
		{94E4A985-0587-4F47-8C33-BC8455B6CE31}.Debug|Any CPU.Build.0 = Debug|Any CPU
		{94E4A985-0587-4F47-8C33-BC8455B6CE31}.Release|Any CPU.ActiveCfg = Release|Any CPU
		{94E4A985-0587-4F47-8C33-BC8455B6CE31}.Release|Any CPU.Build.0 = Release|Any CPU
	EndGlobalSection
	GlobalSection(SolutionProperties) = preSolution
		HideSolutionNode = FALSE
	EndGlobalSection
	GlobalSection(ExtensibilityGlobals) = postSolution
		SolutionGuid = {BE4716E2-28DF-4CB5-8E7B-FED6C5739A4D}
	EndGlobalSection
EndGlobal
